# THIS IS AN AUTOGENERATED FILE. DO NOT EDIT THIS FILE DIRECTLY.
# yarn lockfile v1


postgres@^3.4.7:
  version "3.4.7"
  resolved "https://registry.yarnpkg.com/postgres/-/postgres-3.4.7.tgz#122f460a808fe300cae53f592108b9906e625345"
  integrity sha512-Jtc2612XINuBjIl/QTWsV5UvE8UHuNblcO3vVADSrKsrc6RqGX6lOW1cEo3CM2v0XG4Nat8nI+YM7/f26VxXLw==
